
Microsoft Visual Studio Solution File, Format Version 12.00
# Visual Studio 2015
Project("{FAE04EC0-301F-11D3-BF4B-00C04F79EFBC}") = "Nanito1.3.2.CSharp.Plugins", "Nanito1.3.2.CSharp.Plugins.csproj", "{FB682EE2-2C86-8AA8-9C48-6339B80FDDAE}"
EndProject
Project("{FAE04EC0-301F-11D3-BF4B-00C04F79EFBC}") = "Nanito1.3.2.CSharp", "Nanito1.3.2.CSharp.csproj", "{7F189D94-C370-2BC8-D53F-71F89A9516AA}"
EndProject
Project("{FAE04EC0-301F-11D3-BF4B-00C04F79EFBC}") = "Nanito1.3.2.CSharp.Editor", "Nanito1.3.2.CSharp.Editor.csproj", "{ADB059FA-D1FA-4728-4E4C-1919D6E423C1}"
EndProject
Global
	GlobalSection(SolutionConfigurationPlatforms) = preSolution
		Debug|Any CPU = Debug|Any CPU
		Release|Any CPU = Release|Any CPU
	EndGlobalSection
	GlobalSection(ProjectConfigurationPlatforms) = postSolution
		{FB682EE2-2C86-8AA8-9C48-6339B80FDDAE}.Debug|Any CPU.ActiveCfg = Debug|Any CPU
		{FB682EE2-2C86-8AA8-9C48-6339B80FDDAE}.Debug|Any CPU.Build.0 = Debug|Any CPU
		{FB682EE2-2C86-8AA8-9C48-6339B80FDDAE}.Release|Any CPU.ActiveCfg = Release|Any CPU
		{FB682EE2-2C86-8AA8-9C48-6339B80FDDAE}.Release|Any CPU.Build.0 = Release|Any CPU
		{7F189D94-C370-2BC8-D53F-71F89A9516AA}.Debug|Any CPU.ActiveCfg = Debug|Any CPU
		{7F189D94-C370-2BC8-D53F-71F89A9516AA}.Debug|Any CPU.Build.0 = Debug|Any CPU
		{7F189D94-C370-2BC8-D53F-71F89A9516AA}.Release|Any CPU.ActiveCfg = Release|Any CPU
		{7F189D94-C370-2BC8-D53F-71F89A9516AA}.Release|Any CPU.Build.0 = Release|Any CPU
		{ADB059FA-D1FA-4728-4E4C-1919D6E423C1}.Debug|Any CPU.ActiveCfg = Debug|Any CPU
		{ADB059FA-D1FA-4728-4E4C-1919D6E423C1}.Debug|Any CPU.Build.0 = Debug|Any CPU
		{ADB059FA-D1FA-4728-4E4C-1919D6E423C1}.Release|Any CPU.ActiveCfg = Release|Any CPU
		{ADB059FA-D1FA-4728-4E4C-1919D6E423C1}.Release|Any CPU.Build.0 = Release|Any CPU
	EndGlobalSection
	GlobalSection(SolutionProperties) = preSolution
		HideSolutionNode = FALSE
	EndGlobalSection
EndGlobal
